
Microsoft Visual Studio Solution File, Format Version 12.00
# Visual Studio Version 17
VisualStudioVersion = 17.10.34902.84
MinimumVisualStudioVersion = 10.0.40219.1
Project("{FAE04EC0-301F-11D3-BF4B-00C04F79EFBC}") = "BlazorInvoiceApp", "BlazorInvoiceApp.csproj", "{2CDCB11F-A4A9-47BF-9A33-41F486A498BA}"
EndProject
Global
	GlobalSection(SolutionConfigurationPlatforms) = preSolution
		Debug|Any CPU = Debug|Any CPU
		Release|Any CPU = Release|Any CPU
	EndGlobalSection
	GlobalSection(ProjectConfigurationPlatforms) = postSolution
		{2CDCB11F-A4A9-47BF-9A33-41F486A498BA}.Debug|Any CPU.ActiveCfg = Debug|Any CPU
		{2CDCB11F-A4A9-47BF-9A33-41F486A498BA}.Debug|Any CPU.Build.0 = Debug|Any CPU
		{2CDCB11F-A4A9-47BF-9A33-41F486A498BA}.Release|Any CPU.ActiveCfg = Release|Any CPU
		{2CDCB11F-A4A9-47BF-9A33-41F486A498BA}.Release|Any CPU.Build.0 = Release|Any CPU
	EndGlobalSection
	GlobalSection(SolutionProperties) = preSolution
		HideSolutionNode = FALSE
	EndGlobalSection
	GlobalSection(ExtensibilityGlobals) = postSolution
		SolutionGuid = {0810A103-A46B-4203-BBD1-7C0B8989E3FE}
	EndGlobalSection
EndGlobal
